// !$*UTF8*$!
{
	archiveVersion = 1;
	classes = {
	};
	objectVersion = 46;
	objects = {

/* Begin PBXBuildFile section */
		645FED4E1CBF5E63009542D1 /* VRHeadLine.m in Sources */ = {isa = PBXBuildFile; fileRef = 645FED4D1CBF5E63009542D1 /* VRHeadLine.m */; };
		645FED531CBF6935009542D1 /* VRTools.m in Sources */ = {isa = PBXBuildFile; fileRef = 645FED521CBF6935009542D1 /* VRTools.m */; };
		64EB2F2E1CBD300000A285E6 /* main.m in Sources */ = {isa = PBXBuildFile; fileRef = 64EB2F2D1CBD300000A285E6 /* main.m */; };
		64EB2F311CBD300000A285E6 /* AppDelegate.m in Sources */ = {isa = PBXBuildFile; fileRef = 64EB2F301CBD300000A285E6 /* AppDelegate.m */; };
		64EB2F341CBD300000A285E6 /* ViewController.m in Sources */ = {isa = PBXBuildFile; fileRef = 64EB2F331CBD300000A285E6 /* ViewController.m */; };
		64EB2F371CBD300000A285E6 /* Main.storyboard in Resources */ = {isa = PBXBuildFile; fileRef = 64EB2F351CBD300000A285E6 /* Main.storyboard */; };
		64EB2F391CBD300000A285E6 /* Assets.xcassets in Resources */ = {isa = PBXBuildFile; fileRef = 64EB2F381CBD300000A285E6 /* Assets.xcassets */; };
		64EB2F3C1CBD300000A285E6 /* LaunchScreen.storyboard in Resources */ = {isa = PBXBuildFile; fileRef = 64EB2F3A1CBD300000A285E6 /* LaunchScreen.storyboard */; };
		64EB2F471CBD300000A285E6 /* NewsTests.m in Sources */ = {isa = PBXBuildFile; fileRef = 64EB2F461CBD300000A285E6 /* NewsTests.m */; };
		64EB2F521CBD300000A285E6 /* NewsUITests.m in Sources */ = {isa = PBXBuildFile; fileRef = 64EB2F511CBD300000A285E6 /* NewsUITests.m */; };
		64FD2B6D1CBF7B85002060A3 /* AFHTTPSessionManager.m in Sources */ = {isa = PBXBuildFile; fileRef = 64FD2B611CBF7B85002060A3 /* AFHTTPSessionManager.m */; };
		64FD2B6E1CBF7B85002060A3 /* AFNetworkReachabilityManager.m in Sources */ = {isa = PBXBuildFile; fileRef = 64FD2B641CBF7B85002060A3 /* AFNetworkReachabilityManager.m */; };
		64FD2B6F1CBF7B85002060A3 /* AFSecurityPolicy.m in Sources */ = {isa = PBXBuildFile; fileRef = 64FD2B661CBF7B85002060A3 /* AFSecurityPolicy.m */; };
		64FD2B701CBF7B85002060A3 /* AFURLRequestSerialization.m in Sources */ = {isa = PBXBuildFile; fileRef = 64FD2B681CBF7B85002060A3 /* AFURLRequestSerialization.m */; };
		64FD2B711CBF7B85002060A3 /* AFURLResponseSerialization.m in Sources */ = {isa = PBXBuildFile; fileRef = 64FD2B6A1CBF7B85002060A3 /* AFURLResponseSerialization.m */; };
		64FD2B721CBF7B85002060A3 /* AFURLSessionManager.m in Sources */ = {isa = PBXBuildFile; fileRef = 64FD2B6C1CBF7B85002060A3 /* AFURLSessionManager.m */; };
		64FD2B761CBFAB7F002060A3 /* NSObject+Log.m in Sources */ = {isa = PBXBuildFile; fileRef = 64FD2B751CBFAB7F002060A3 /* NSObject+Log.m */; };
/* End PBXBuildFile section */

/* Begin PBXContainerItemProxy section */
		64EB2F431CBD300000A285E6 /* PBXContainerItemProxy */ = {
			isa = PBXContainerItemProxy;
			containerPortal = 64EB2F211CBD300000A285E6 /* Project object */;
			proxyType = 1;
			remoteGlobalIDString = 64EB2F281CBD300000A285E6;
			remoteInfo = News;
		};
		64EB2F4E1CBD300000A285E6 /* PBXContainerItemProxy */ = {
			isa = PBXContainerItemProxy;
			containerPortal = 64EB2F211CBD300000A285E6 /* Project object */;
			proxyType = 1;
			remoteGlobalIDString = 64EB2F281CBD300000A285E6;
			remoteInfo = News;
		};
/* End PBXContainerItemProxy section */

/* Begin PBXFileReference section */
		645FED4C1CBF5E63009542D1 /* VRHeadLine.h */ = {isa = PBXFileReference; fileEncoding = 4; lastKnownFileType = sourcecode.c.h; path = VRHeadLine.h; sourceTree = "<group>"; };
		645FED4D1CBF5E63009542D1 /* VRHeadLine.m */ = {isa = PBXFileReference; fileEncoding = 4; lastKnownFileType = sourcecode.c.objc; path = VRHeadLine.m; sourceTree = "<group>"; };
		645FED511CBF6935009542D1 /* VRTools.h */ = {isa = PBXFileReference; fileEncoding = 4; lastKnownFileType = sourcecode.c.h; path = VRTools.h; sourceTree = "<group>"; };
		645FED521CBF6935009542D1 /* VRTools.m */ = {isa = PBXFileReference; fileEncoding = 4; lastKnownFileType = sourcecode.c.objc; path = VRTools.m; sourceTree = "<group>"; };
		64EB2F291CBD300000A285E6 /* News.app */ = {isa = PBXFileReference; explicitFileType = wrapper.application; includeInIndex = 0; path = News.app; sourceTree = BUILT_PRODUCTS_DIR; };
		64EB2F2D1CBD300000A285E6 /* main.m */ = {isa = PBXFileReference; lastKnownFileType = sourcecode.c.objc; path = main.m; sourceTree = "<group>"; };
		64EB2F2F1CBD300000A285E6 /* AppDelegate.h */ = {isa = PBXFileReference; lastKnownFileType = sourcecode.c.h; path = AppDelegate.h; sourceTree = "<group>"; };
		64EB2F301CBD300000A285E6 /* AppDelegate.m */ = {isa = PBXFileReference; lastKnownFileType = sourcecode.c.objc; path = AppDelegate.m; sourceTree = "<group>"; };
		64EB2F321CBD300000A285E6 /* ViewController.h */ = {isa = PBXFileReference; lastKnownFileType = sourcecode.c.h; path = ViewController.h; sourceTree = "<group>"; };
		64EB2F331CBD300000A285E6 /* ViewController.m */ = {isa = PBXFileReference; lastKnownFileType = sourcecode.c.objc; path = ViewController.m; sourceTree = "<group>"; };
		64EB2F361CBD300000A285E6 /* Base */ = {isa = PBXFileReference; lastKnownFileType = file.storyboard; name = Base; path = Base.lproj/Main.storyboard; sourceTree = "<group>"; };
		64EB2F381CBD300000A285E6 /* Assets.xcassets */ = {isa = PBXFileReference; lastKnownFileType = folder.assetcatalog; path = Assets.xcassets; sourceTree = "<group>"; };
		64EB2F3B1CBD300000A285E6 /* Base */ = {isa = PBXFileReference; lastKnownFileType = file.storyboard; name = Base; path = Base.lproj/LaunchScreen.storyboard; sourceTree = "<group>"; };
		64EB2F3D1CBD300000A285E6 /* Info.plist */ = {isa = PBXFileReference; lastKnownFileType = text.plist.xml; path = Info.plist; sourceTree = "<group>"; };
		64EB2F421CBD300000A285E6 /* NewsTests.xctest */ = {isa = PBXFileReference; explicitFileType = wrapper.cfbundle; includeInIndex = 0; path = NewsTests.xctest; sourceTree = BUILT_PRODUCTS_DIR; };
		64EB2F461CBD300000A285E6 /* NewsTests.m */ = {isa = PBXFileReference; lastKnownFileType = sourcecode.c.objc; path = NewsTests.m; sourceTree = "<group>"; };
		64EB2F481CBD300000A285E6 /* Info.plist */ = {isa = PBXFileReference; lastKnownFileType = text.plist.xml; path = Info.plist; sourceTree = "<group>"; };
		64EB2F4D1CBD300000A285E6 /* NewsUITests.xctest */ = {isa = PBXFileReference; explicitFileType = wrapper.cfbundle; includeInIndex = 0; path = NewsUITests.xctest; sourceTree = BUILT_PRODUCTS_DIR; };
		64EB2F511CBD300000A285E6 /* NewsUITests.m */ = {isa = PBXFileReference; lastKnownFileType = sourcecode.c.objc; path = NewsUITests.m; sourceTree = "<group>"; };
		64EB2F531CBD300000A285E6 /* Info.plist */ = {isa = PBXFileReference; lastKnownFileType = text.plist.xml; path = Info.plist; sourceTree = "<group>"; };
		64FD2B601CBF7B85002060A3 /* AFHTTPSessionManager.h */ = {isa = PBXFileReference; fileEncoding = 4; lastKnownFileType = sourcecode.c.h; path = AFHTTPSessionManager.h; sourceTree = "<group>"; };
		64FD2B611CBF7B85002060A3 /* AFHTTPSessionManager.m */ = {isa = PBXFileReference; fileEncoding = 4; lastKnownFileType = sourcecode.c.objc; path = AFHTTPSessionManager.m; sourceTree = "<group>"; };
		64FD2B621CBF7B85002060A3 /* AFNetworking.h */ = {isa = PBXFileReference; fileEncoding = 4; lastKnownFileType = sourcecode.c.h; path = AFNetworking.h; sourceTree = "<group>"; };
		64FD2B631CBF7B85002060A3 /* AFNetworkReachabilityManager.h */ = {isa = PBXFileReference; fileEncoding = 4; lastKnownFileType = sourcecode.c.h; path = AFNetworkReachabilityManager.h; sourceTree = "<group>"; };
		64FD2B641CBF7B85002060A3 /* AFNetworkReachabilityManager.m */ = {isa = PBXFileReference; fileEncoding = 4; lastKnownFileType = sourcecode.c.objc; path = AFNetworkReachabilityManager.m; sourceTree = "<group>"; };
		64FD2B651CBF7B85002060A3 /* AFSecurityPolicy.h */ = {isa = PBXFileReference; fileEncoding = 4; lastKnownFileType = sourcecode.c.h; path = AFSecurityPolicy.h; sourceTree = "<group>"; };
		64FD2B661CBF7B85002060A3 /* AFSecurityPolicy.m */ = {isa = PBXFileReference; fileEncoding = 4; lastKnownFileType = sourcecode.c.objc; path = AFSecurityPolicy.m; sourceTree = "<group>"; };
		64FD2B671CBF7B85002060A3 /* AFURLRequestSerialization.h */ = {isa = PBXFileReference; fileEncoding = 4; lastKnownFileType = sourcecode.c.h; path = AFURLRequestSerialization.h; sourceTree = "<group>"; };
		64FD2B681CBF7B85002060A3 /* AFURLRequestSerialization.m */ = {isa = PBXFileReference; fileEncoding = 4; lastKnownFileType = sourcecode.c.objc; path = AFURLRequestSerialization.m; sourceTree = "<group>"; };
		64FD2B691CBF7B85002060A3 /* AFURLResponseSerialization.h */ = {isa = PBXFileReference; fileEncoding = 4; lastKnownFileType = sourcecode.c.h; path = AFURLResponseSerialization.h; sourceTree = "<group>"; };
		64FD2B6A1CBF7B85002060A3 /* AFURLResponseSerialization.m */ = {isa = PBXFileReference; fileEncoding = 4; lastKnownFileType = sourcecode.c.objc; path = AFURLResponseSerialization.m; sourceTree = "<group>"; };
		64FD2B6B1CBF7B85002060A3 /* AFURLSessionManager.h */ = {isa = PBXFileReference; fileEncoding = 4; lastKnownFileType = sourcecode.c.h; path = AFURLSessionManager.h; sourceTree = "<group>"; };
		64FD2B6C1CBF7B85002060A3 /* AFURLSessionManager.m */ = {isa = PBXFileReference; fileEncoding = 4; lastKnownFileType = sourcecode.c.objc; path = AFURLSessionManager.m; sourceTree = "<group>"; };
		64FD2B741CBFAB7F002060A3 /* NSObject+Log.h */ = {isa = PBXFileReference; fileEncoding = 4; lastKnownFileType = sourcecode.c.h; path = "NSObject+Log.h"; sourceTree = "<group>"; };
		64FD2B751CBFAB7F002060A3 /* NSObject+Log.m */ = {isa = PBXFileReference; fileEncoding = 4; lastKnownFileType = sourcecode.c.objc; path = "NSObject+Log.m"; sourceTree = "<group>"; };
/* End PBXFileReference section */

/* Begin PBXFrameworksBuildPhase section */
		64EB2F261CBD300000A285E6 /* Frameworks */ = {
			isa = PBXFrameworksBuildPhase;
			buildActionMask = 2147483647;
			files = (
			);
			runOnlyForDeploymentPostprocessing = 0;
		};
		64EB2F3F1CBD300000A285E6 /* Frameworks */ = {
			isa = PBXFrameworksBuildPhase;
			buildActionMask = 2147483647;
			files = (
			);
			runOnlyForDeploymentPostprocessing = 0;
		};
		64EB2F4A1CBD300000A285E6 /* Frameworks */ = {
			isa = PBXFrameworksBuildPhase;
			buildActionMask = 2147483647;
			files = (
			);
			runOnlyForDeploymentPostprocessing = 0;
		};
/* End PBXFrameworksBuildPhase section */

/* Begin PBXGroup section */
		645FED4B1CBF5E22009542D1 /* HeadLine */ = {
			isa = PBXGroup;
			children = (
				645FED4C1CBF5E63009542D1 /* VRHeadLine.h */,
				645FED4D1CBF5E63009542D1 /* VRHeadLine.m */,
			);
			name = HeadLine;
			sourceTree = "<group>";
		};
		645FED4F1CBF6855009542D1 /* Tools */ = {
			isa = PBXGroup;
			children = (
				645FED511CBF6935009542D1 /* VRTools.h */,
				645FED521CBF6935009542D1 /* VRTools.m */,
			);
			name = Tools;
			sourceTree = "<group>";
		};
		64EB2F201CBD300000A285E6 = {
			isa = PBXGroup;
			children = (
				64EB2F2B1CBD300000A285E6 /* News */,
				64EB2F451CBD300000A285E6 /* NewsTests */,
				64EB2F501CBD300000A285E6 /* NewsUITests */,
				64EB2F2A1CBD300000A285E6 /* Products */,
			);
			sourceTree = "<group>";
		};
		64EB2F2A1CBD300000A285E6 /* Products */ = {
			isa = PBXGroup;
			children = (
				64EB2F291CBD300000A285E6 /* News.app */,
				64EB2F421CBD300000A285E6 /* NewsTests.xctest */,
				64EB2F4D1CBD300000A285E6 /* NewsUITests.xctest */,
			);
			name = Products;
			sourceTree = "<group>";
		};
		64EB2F2B1CBD300000A285E6 /* News */ = {
			isa = PBXGroup;
			children = (
				64FD2B731CBFAB7F002060A3 /* Log */,
				64FD2B5F1CBF7B85002060A3 /* AFNetworking */,
				645FED4F1CBF6855009542D1 /* Tools */,
				645FED4B1CBF5E22009542D1 /* HeadLine */,
				64EB2F2F1CBD300000A285E6 /* AppDelegate.h */,
				64EB2F301CBD300000A285E6 /* AppDelegate.m */,
				64EB2F321CBD300000A285E6 /* ViewController.h */,
				64EB2F331CBD300000A285E6 /* ViewController.m */,
				64EB2F351CBD300000A285E6 /* Main.storyboard */,
				64EB2F381CBD300000A285E6 /* Assets.xcassets */,
				64EB2F3A1CBD300000A285E6 /* LaunchScreen.storyboard */,
				64EB2F3D1CBD300000A285E6 /* Info.plist */,
				64EB2F2C1CBD300000A285E6 /* Supporting Files */,
			);
			path = News;
			sourceTree = "<group>";
		};
		64EB2F2C1CBD300000A285E6 /* Supporting Files */ = {
			isa = PBXGroup;
			children = (
				64EB2F2D1CBD300000A285E6 /* main.m */,
			);
			name = "Supporting Files";
			sourceTree = "<group>";
		};
		64EB2F451CBD300000A285E6 /* NewsTests */ = {
			isa = PBXGroup;
			children = (
				64EB2F461CBD300000A285E6 /* NewsTests.m */,
				64EB2F481CBD300000A285E6 /* Info.plist */,
			);
			path = NewsTests;
			sourceTree = "<group>";
		};
		64EB2F501CBD300000A285E6 /* NewsUITests */ = {
			isa = PBXGroup;
			children = (
				64EB2F511CBD300000A285E6 /* NewsUITests.m */,
				64EB2F531CBD300000A285E6 /* Info.plist */,
			);
			path = NewsUITests;
			sourceTree = "<group>";
		};
		64FD2B5F1CBF7B85002060A3 /* AFNetworking */ = {
			isa = PBXGroup;
			children = (
				64FD2B601CBF7B85002060A3 /* AFHTTPSessionManager.h */,
				64FD2B611CBF7B85002060A3 /* AFHTTPSessionManager.m */,
				64FD2B621CBF7B85002060A3 /* AFNetworking.h */,
				64FD2B631CBF7B85002060A3 /* AFNetworkReachabilityManager.h */,
				64FD2B641CBF7B85002060A3 /* AFNetworkReachabilityManager.m */,
				64FD2B651CBF7B85002060A3 /* AFSecurityPolicy.h */,
				64FD2B661CBF7B85002060A3 /* AFSecurityPolicy.m */,
				64FD2B671CBF7B85002060A3 /* AFURLRequestSerialization.h */,
				64FD2B681CBF7B85002060A3 /* AFURLRequestSerialization.m */,
				64FD2B691CBF7B85002060A3 /* AFURLResponseSerialization.h */,
				64FD2B6A1CBF7B85002060A3 /* AFURLResponseSerialization.m */,
				64FD2B6B1CBF7B85002060A3 /* AFURLSessionManager.h */,
				64FD2B6C1CBF7B85002060A3 /* AFURLSessionManager.m */,
			);
			path = AFNetworking;
			sourceTree = "<group>";
		};
		64FD2B731CBFAB7F002060A3 /* Log */ = {
			isa = PBXGroup;
			children = (
				64FD2B741CBFAB7F002060A3 /* NSObject+Log.h */,
				64FD2B751CBFAB7F002060A3 /* NSObject+Log.m */,
			);
			path = Log;
			sourceTree = "<group>";
		};
/* End PBXGroup section */

/* Begin PBXNativeTarget section */
		64EB2F281CBD300000A285E6 /* News */ = {
			isa = PBXNativeTarget;
			buildConfigurationList = 64EB2F561CBD300000A285E6 /* Build configuration list for PBXNativeTarget "News" */;
			buildPhases = (
				64EB2F251CBD300000A285E6 /* Sources */,
				64EB2F261CBD300000A285E6 /* Frameworks */,
				64EB2F271CBD300000A285E6 /* Resources */,
			);
			buildRules = (
			);
			dependencies = (
			);
			name = News;
			productName = News;
			productReference = 64EB2F291CBD300000A285E6 /* News.app */;
			productType = "com.apple.product-type.application";
		};
		64EB2F411CBD300000A285E6 /* NewsTests */ = {
			isa = PBXNativeTarget;
			buildConfigurationList = 64EB2F591CBD300000A285E6 /* Build configuration list for PBXNativeTarget "NewsTests" */;
			buildPhases = (
				64EB2F3E1CBD300000A285E6 /* Sources */,
				64EB2F3F1CBD300000A285E6 /* Frameworks */,
				64EB2F401CBD300000A285E6 /* Resources */,
			);
			buildRules = (
			);
			dependencies = (
				64EB2F441CBD300000A285E6 /* PBXTargetDependency */,
			);
			name = NewsTests;
			productName = NewsTests;
			productReference = 64EB2F421CBD300000A285E6 /* NewsTests.xctest */;
			productType = "com.apple.product-type.bundle.unit-test";
		};
		64EB2F4C1CBD300000A285E6 /* NewsUITests */ = {
			isa = PBXNativeTarget;
			buildConfigurationList = 64EB2F5C1CBD300000A285E6 /* Build configuration list for PBXNativeTarget "NewsUITests" */;
			buildPhases = (
				64EB2F491CBD300000A285E6 /* Sources */,
				64EB2F4A1CBD300000A285E6 /* Frameworks */,
				64EB2F4B1CBD300000A285E6 /* Resources */,
			);
			buildRules = (
			);
			dependencies = (
				64EB2F4F1CBD300000A285E6 /* PBXTargetDependency */,
			);
			name = NewsUITests;
			productName = NewsUITests;
			productReference = 64EB2F4D1CBD300000A285E6 /* NewsUITests.xctest */;
			productType = "com.apple.product-type.bundle.ui-testing";
		};
/* End PBXNativeTarget section */

/* Begin PBXProject section */
		64EB2F211CBD300000A285E6 /* Project object */ = {
			isa = PBXProject;
			attributes = {
				LastUpgradeCheck = 0720;
				ORGANIZATIONNAME = Lee.C;
				TargetAttributes = {
					64EB2F281CBD300000A285E6 = {
						CreatedOnToolsVersion = 7.2;
					};
					64EB2F411CBD300000A285E6 = {
						CreatedOnToolsVersion = 7.2;
						TestTargetID = 64EB2F281CBD300000A285E6;
					};
					64EB2F4C1CBD300000A285E6 = {
						CreatedOnToolsVersion = 7.2;
						TestTargetID = 64EB2F281CBD300000A285E6;
					};
				};
			};
			buildConfigurationList = 64EB2F241CBD300000A285E6 /* Build configuration list for PBXProject "News" */;
			compatibilityVersion = "Xcode 3.2";
			developmentRegion = English;
			hasScannedForEncodings = 0;
			knownRegions = (
				en,
				Base,
			);
			mainGroup = 64EB2F201CBD300000A285E6;
			productRefGroup = 64EB2F2A1CBD300000A285E6 /* Products */;
			projectDirPath = "";
			projectRoot = "";
			targets = (
				64EB2F281CBD300000A285E6 /* News */,
				64EB2F411CBD300000A285E6 /* NewsTests */,
				64EB2F4C1CBD300000A285E6 /* NewsUITests */,
			);
		};
/* End PBXProject section */

/* Begin PBXResourcesBuildPhase section */
		64EB2F271CBD300000A285E6 /* Resources */ = {
			isa = PBXResourcesBuildPhase;
			buildActionMask = 2147483647;
			files = (
				64EB2F3C1CBD300000A285E6 /* LaunchScreen.storyboard in Resources */,
				64EB2F391CBD300000A285E6 /* Assets.xcassets in Resources */,
				64EB2F371CBD300000A285E6 /* Main.storyboard in Resources */,
			);
			runOnlyForDeploymentPostprocessing = 0;
		};
		64EB2F401CBD300000A285E6 /* Resources */ = {
			isa = PBXResourcesBuildPhase;
			buildActionMask = 2147483647;
			files = (
			);
			runOnlyForDeploymentPostprocessing = 0;
		};
		64EB2F4B1CBD300000A285E6 /* Resources */ = {
			isa = PBXResourcesBuildPhase;
			buildActionMask = 2147483647;
			files = (
			);
			runOnlyForDeploymentPostprocessing = 0;
		};
/* End PBXResourcesBuildPhase section */

/* Begin PBXSourcesBuildPhase section */
		64EB2F251CBD300000A285E6 /* Sources */ = {
			isa = PBXSourcesBuildPhase;
			buildActionMask = 2147483647;
			files = (
				64FD2B701CBF7B85002060A3 /* AFURLRequestSerialization.m in Sources */,
				64EB2F341CBD300000A285E6 /* ViewController.m in Sources */,
				64FD2B761CBFAB7F002060A3 /* NSObject+Log.m in Sources */,
				64EB2F311CBD300000A285E6 /* AppDelegate.m in Sources */,
				64EB2F2E1CBD300000A285E6 /* main.m in Sources */,
				64FD2B721CBF7B85002060A3 /* AFURLSessionManager.m in Sources */,
				64FD2B711CBF7B85002060A3 /* AFURLResponseSerialization.m in Sources */,
				64FD2B6E1CBF7B85002060A3 /* AFNetworkReachabilityManager.m in Sources */,
				64FD2B6F1CBF7B85002060A3 /* AFSecurityPolicy.m in Sources */,
				64FD2B6D1CBF7B85002060A3 /* AFHTTPSessionManager.m in Sources */,
				645FED531CBF6935009542D1 /* VRTools.m in Sources */,
				645FED4E1CBF5E63009542D1 /* VRHeadLine.m in Sources */,
			);
			runOnlyForDeploymentPostprocessing = 0;
		};
		64EB2F3E1CBD300000A285E6 /* Sources */ = {
			isa = PBXSourcesBuildPhase;
			buildActionMask = 2147483647;
			files = (
				64EB2F471CBD300000A285E6 /* NewsTests.m in Sources */,
			);
			runOnlyForDeploymentPostprocessing = 0;
		};
		64EB2F491CBD300000A285E6 /* Sources */ = {
			isa = PBXSourcesBuildPhase;
			buildActionMask = 2147483647;
			files = (
				64EB2F521CBD300000A285E6 /* NewsUITests.m in Sources */,
			);
			runOnlyForDeploymentPostprocessing = 0;
		};
/* End PBXSourcesBuildPhase section */

/* Begin PBXTargetDependency section */
		64EB2F441CBD300000A285E6 /* PBXTargetDependency */ = {
			isa = PBXTargetDependency;
			target = 64EB2F281CBD300000A285E6 /* News */;
			targetProxy = 64EB2F431CBD300000A285E6 /* PBXContainerItemProxy */;
		};
		64EB2F4F1CBD300000A285E6 /* PBXTargetDependency */ = {
			isa = PBXTargetDependency;
			target = 64EB2F281CBD300000A285E6 /* News */;
			targetProxy = 64EB2F4E1CBD300000A285E6 /* PBXContainerItemProxy */;
		};
/* End PBXTargetDependency section */

/* Begin PBXVariantGroup section */
		64EB2F351CBD300000A285E6 /* Main.storyboard */ = {
			isa = PBXVariantGroup;
			children = (
				64EB2F361CBD300000A285E6 /* Base */,
			);
			name = Main.storyboard;
			sourceTree = "<group>";
		};
		64EB2F3A1CBD300000A285E6 /* LaunchScreen.storyboard */ = {
			isa = PBXVariantGroup;
			children = (
				64EB2F3B1CBD300000A285E6 /* Base */,
			);
			name = LaunchScreen.storyboard;
			sourceTree = "<group>";
		};
/* End PBXVariantGroup section */

/* Begin XCBuildConfiguration section */
		64EB2F541CBD300000A285E6 /* Debug */ = {
			isa = XCBuildConfiguration;
			buildSettings = {
				ALWAYS_SEARCH_USER_PATHS = NO;
				CLANG_CXX_LANGUAGE_STANDARD = "gnu++0x";
				CLANG_CXX_LIBRARY = "libc++";
				CLANG_ENABLE_MODULES = YES;
				CLANG_ENABLE_OBJC_ARC = YES;
				CLANG_WARN_BOOL_CONVERSION = YES;
				CLANG_WARN_CONSTANT_CONVERSION = YES;
				CLANG_WARN_DIRECT_OBJC_ISA_USAGE = YES_ERROR;
				CLANG_WARN_EMPTY_BODY = YES;
				CLANG_WARN_ENUM_CONVERSION = YES;
				CLANG_WARN_INT_CONVERSION = YES;
				CLANG_WARN_OBJC_ROOT_CLASS = YES_ERROR;
				CLANG_WARN_UNREACHABLE_CODE = YES;
				CLANG_WARN__DUPLICATE_METHOD_MATCH = YES;
				"CODE_SIGN_IDENTITY[sdk=iphoneos*]" = "iPhone Developer";
				COPY_PHASE_STRIP = NO;
				DEBUG_INFORMATION_FORMAT = dwarf;
				ENABLE_STRICT_OBJC_MSGSEND = YES;
				ENABLE_TESTABILITY = YES;
				GCC_C_LANGUAGE_STANDARD = gnu99;
				GCC_DYNAMIC_NO_PIC = NO;
				GCC_NO_COMMON_BLOCKS = YES;
				GCC_OPTIMIZATION_LEVEL = 0;
				GCC_PREPROCESSOR_DEFINITIONS = (
					"DEBUG=1",
					"$(inherited)",
				);
				GCC_WARN_64_TO_32_BIT_CONVERSION = YES;
				GCC_WARN_ABOUT_RETURN_TYPE = YES_ERROR;
				GCC_WARN_UNDECLARED_SELECTOR = YES;
				GCC_WARN_UNINITIALIZED_AUTOS = YES_AGGRESSIVE;
				GCC_WARN_UNUSED_FUNCTION = YES;
				GCC_WARN_UNUSED_VARIABLE = YES;
				IPHONEOS_DEPLOYMENT_TARGET = 9.2;
				MTL_ENABLE_DEBUG_INFO = YES;
				ONLY_ACTIVE_ARCH = YES;
				SDKROOT = iphoneos;
			};
			name = Debug;
		};
		64EB2F551CBD300000A285E6 /* Release */ = {
			isa = XCBuildConfiguration;
			buildSettings = {
				ALWAYS_SEARCH_USER_PATHS = NO;
				CLANG_CXX_LANGUAGE_STANDARD = "gnu++0x";
				CLANG_CXX_LIBRARY = "libc++";
				CLANG_ENABLE_MODULES = YES;
				CLANG_ENABLE_OBJC_ARC = YES;
				CLANG_WARN_BOOL_CONVERSION = YES;
				CLANG_WARN_CONSTANT_CONVERSION = YES;
				CLANG_WARN_DIRECT_OBJC_ISA_USAGE = YES_ERROR;
				CLANG_WARN_EMPTY_BODY = YES;
				CLANG_WARN_ENUM_CONVERSION = YES;
				CLANG_WARN_INT_CONVERSION = YES;
				CLANG_WARN_OBJC_ROOT_CLASS = YES_ERROR;
				CLANG_WARN_UNREACHABLE_CODE = YES;
				CLANG_WARN__DUPLICATE_METHOD_MATCH = YES;
				"CODE_SIGN_IDENTITY[sdk=iphoneos*]" = "iPhone Developer";
				COPY_PHASE_STRIP = NO;
				DEBUG_INFORMATION_FORMAT = "dwarf-with-dsym";
				ENABLE_NS_ASSERTIONS = NO;
				ENABLE_STRICT_OBJC_MSGSEND = YES;
				GCC_C_LANGUAGE_STANDARD = gnu99;
				GCC_NO_COMMON_BLOCKS = YES;
				GCC_WARN_64_TO_32_BIT_CONVERSION = YES;
				GCC_WARN_ABOUT_RETURN_TYPE = YES_ERROR;
				GCC_WARN_UNDECLARED_SELECTOR = YES;
				GCC_WARN_UNINITIALIZED_AUTOS = YES_AGGRESSIVE;
				GCC_WARN_UNUSED_FUNCTION = YES;
				GCC_WARN_UNUSED_VARIABLE = YES;
				IPHONEOS_DEPLOYMENT_TARGET = 9.2;
				MTL_ENABLE_DEBUG_INFO = NO;
				SDKROOT = iphoneos;
				VALIDATE_PRODUCT = YES;
			};
			name = Release;
		};
		64EB2F571CBD300000A285E6 /* Debug */ = {
			isa = XCBuildConfiguration;
			buildSettings = {
				ASSETCATALOG_COMPILER_APPICON_NAME = AppIcon;
				INFOPLIST_FILE = News/Info.plist;
				LD_RUNPATH_SEARCH_PATHS = "$(inherited) @executable_path/Frameworks";
				PRODUCT_BUNDLE_IDENTIFIER = cn.itcast.News;
				PRODUCT_NAME = "$(TARGET_NAME)";
			};
			name = Debug;
		};
		64EB2F581CBD300000A285E6 /* Release */ = {
			isa = XCBuildConfiguration;
			buildSettings = {
				ASSETCATALOG_COMPILER_APPICON_NAME = AppIcon;
				INFOPLIST_FILE = News/Info.plist;
				LD_RUNPATH_SEARCH_PATHS = "$(inherited) @executable_path/Frameworks";
				PRODUCT_BUNDLE_IDENTIFIER = cn.itcast.News;
				PRODUCT_NAME = "$(TARGET_NAME)";
			};
			name = Release;
		};
		64EB2F5A1CBD300000A285E6 /* Debug */ = {
			isa = XCBuildConfiguration;
			buildSettings = {
				BUNDLE_LOADER = "$(TEST_HOST)";
				INFOPLIST_FILE = NewsTests/Info.plist;
				LD_RUNPATH_SEARCH_PATHS = "$(inherited) @executable_path/Frameworks @loader_path/Frameworks";
				PRODUCT_BUNDLE_IDENTIFIER = cn.itcast.NewsTests;
				PRODUCT_NAME = "$(TARGET_NAME)";
				TEST_HOST = "$(BUILT_PRODUCTS_DIR)/News.app/News";
			};
			name = Debug;
		};
		64EB2F5B1CBD300000A285E6 /* Release */ = {
			isa = XCBuildConfiguration;
			buildSettings = {
				BUNDLE_LOADER = "$(TEST_HOST)";
				INFOPLIST_FILE = NewsTests/Info.plist;
				LD_RUNPATH_SEARCH_PATHS = "$(inherited) @executable_path/Frameworks @loader_path/Frameworks";
				PRODUCT_BUNDLE_IDENTIFIER = cn.itcast.NewsTests;
				PRODUCT_NAME = "$(TARGET_NAME)";
				TEST_HOST = "$(BUILT_PRODUCTS_DIR)/News.app/News";
			};
			name = Release;
		};
		64EB2F5D1CBD300000A285E6 /* Debug */ = {
			isa = XCBuildConfiguration;
			buildSettings = {
				INFOPLIST_FILE = NewsUITests/Info.plist;
				LD_RUNPATH_SEARCH_PATHS = "$(inherited) @executable_path/Frameworks @loader_path/Frameworks";
				PRODUCT_BUNDLE_IDENTIFIER = cn.itcast.NewsUITests;
				PRODUCT_NAME = "$(TARGET_NAME)";
				TEST_TARGET_NAME = News;
				USES_XCTRUNNER = YES;
			};
			name = Debug;
		};
		64EB2F5E1CBD300000A285E6 /* Release */ = {
			isa = XCBuildConfiguration;
			buildSettings = {
				INFOPLIST_FILE = NewsUITests/Info.plist;
				LD_RUNPATH_SEARCH_PATHS = "$(inherited) @executable_path/Frameworks @loader_path/Frameworks";
				PRODUCT_BUNDLE_IDENTIFIER = cn.itcast.NewsUITests;
				PRODUCT_NAME = "$(TARGET_NAME)";
				TEST_TARGET_NAME = News;
				USES_XCTRUNNER = YES;
			};
			name = Release;
		};
/* End XCBuildConfiguration section */

/* Begin XCConfigurationList section */
		64EB2F241CBD300000A285E6 /* Build configuration list for PBXProject "News" */ = {
			isa = XCConfigurationList;
			buildConfigurations = (
				64EB2F541CBD300000A285E6 /* Debug */,
				64EB2F551CBD300000A285E6 /* Release */,
			);
			defaultConfigurationIsVisible = 0;
			defaultConfigurationName = Release;
		};
		64EB2F561CBD300000A285E6 /* Build configuration list for PBXNativeTarget "News" */ = {
			isa = XCConfigurationList;
			buildConfigurations = (
				64EB2F571CBD300000A285E6 /* Debug */,
				64EB2F581CBD300000A285E6 /* Release */,
			);
			defaultConfigurationIsVisible = 0;
			defaultConfigurationName = Release;
		};
		64EB2F591CBD300000A285E6 /* Build configuration list for PBXNativeTarget "NewsTests" */ = {
			isa = XCConfigurationList;
			buildConfigurations = (
				64EB2F5A1CBD300000A285E6 /* Debug */,
				64EB2F5B1CBD300000A285E6 /* Release */,
			);
			defaultConfigurationIsVisible = 0;
			defaultConfigurationName = Release;
		};
		64EB2F5C1CBD300000A285E6 /* Build configuration list for PBXNativeTarget "NewsUITests" */ = {
			isa = XCConfigurationList;
			buildConfigurations = (
				64EB2F5D1CBD300000A285E6 /* Debug */,
				64EB2F5E1CBD300000A285E6 /* Release */,
			);
			defaultConfigurationIsVisible = 0;
			defaultConfigurationName = Release;
		};
/* End XCConfigurationList section */
	};
	rootObject = 64EB2F211CBD300000A285E6 /* Project object */;
}
